# THIS IS AN AUTOGENERATED FILE. DO NOT EDIT THIS FILE DIRECTLY.
# yarn lockfile v1


html-entities@^1.2.0:
  version "1.2.1"
  resolved "https://registry.yarnpkg.com/html-entities/-/html-entities-1.2.1.tgz#0df29351f0721163515dfb9e5543e5f6eed5162f"
  integrity sha1-DfKTUfByEWNRXfueVUPl9u7VFi8=

lodash@^4.6.1:
  version "4.17.15"
  resolved "https://registry.yarnpkg.com/lodash/-/lodash-4.17.15.tgz#b447f6670a0455bbfeedd11392eff330ea097548"
  integrity sha512-8xOcRHvCjnocdS5cpwXQXVzmmh5e5+saE2QGoeQmbKmRS6J3VQppPOIt0MnmE+4xlZoumy0GPG0D0MVIQbNA1A==

long@^3.1.0:
  version "3.2.0"
  resolved "https://registry.yarnpkg.com/long/-/long-3.2.0.tgz#d821b7138ca1cb581c172990ef14db200b5c474b"
  integrity sha1-2CG3E4yhy1gcFymQ7xTbIAtcR0s=

mnemonist@^0.14.0:
  version "0.14.0"
  resolved "https://registry.yarnpkg.com/mnemonist/-/mnemonist-0.14.0.tgz#9e85e529d4b6f78cade8ec6d4a919bb9d9e36c7e"
  integrity sha512-GosoNab9mShR9w6QJA+bFT9NC2fN+2smFuQ6dEvjt4myuMLFvy63qeFE0cJZ8DQQxmCrqKftTAA/8N686cRPiQ==
  dependencies:
    obliterator "^1.2.1"

obliterator@^1.2.0, obliterator@^1.2.1:
  version "1.5.0"
  resolved "https://registry.yarnpkg.com/obliterator/-/obliterator-1.5.0.tgz#f3535e5be192473ef59efb2d30396738f7c645c6"
  integrity sha512-dENe0UviDf8/auXn0bIBKwCcUr49khvSBWDLlszv/ZB2qz1VxWDmkNKFqO2nfmve7hQb/QIDY7+rc7K3LdJimQ==

pandemonium@^1.0.2:
  version "1.4.1"
  resolved "https://registry.yarnpkg.com/pandemonium/-/pandemonium-1.4.1.tgz#61f4fb0df843a9282b5f7bce7a467ed05857961d"
  integrity sha512-KhwY9xv8tZGQE8L7FfzaTHrLH+JnarUsDlsa8mqfisjtU3J00P362IL52Ei/EhDp025yBDzPuES/zMdWvvAR5g==

talisman@^0.21.0:
  version "0.21.0"
  resolved "https://registry.yarnpkg.com/talisman/-/talisman-0.21.0.tgz#8de5af867107e27c9b3015a4974e59d04ceea25c"
  integrity sha512-KUUq5mpHxJlvENZLsgngVxc08rtCGIs+v1Xfs41fbni+ysDJGWsZUDVER6JVV79eKiIFzECEQLrgunchc3M5WQ==
  dependencies:
    html-entities "^1.2.0"
    lodash "^4.6.1"
    long "^3.1.0"
    mnemonist "^0.14.0"
    obliterator "^1.2.0"
    pandemonium "^1.0.2"
