# THIS IS AN AUTOGENERATED FILE. DO NOT EDIT THIS FILE DIRECTLY.
# yarn lockfile v1


parse-ms@^2.1.0:
  version "2.1.0"
  resolved "https://registry.yarnpkg.com/parse-ms/-/parse-ms-2.1.0.tgz#348565a753d4391fa524029956b172cb7753097d"
  integrity sha512-kHt7kzLoS9VBZfUsiKjv43mr91ea+U05EyKkEtqp7vNbHxmaVuEqN7XxeEVnGrMtYOAxGrDElSi96K7EgO1zCA==

pretty-ms@^5.0.0:
  version "5.0.0"
  resolved "https://registry.yarnpkg.com/pretty-ms/-/pretty-ms-5.0.0.tgz#6133a8f55804b208e4728f6aa7bf01085e951e24"
  integrity sha512-94VRYjL9k33RzfKiGokPBPpsmloBYSf5Ri+Pq19zlsEcUKFob+admeXr5eFDRuPjFmEOcjJvPGdillYOJyvZ7Q==
  dependencies:
    parse-ms "^2.1.0"
