# THIS IS AN AUTOGENERATED FILE. DO NOT EDIT THIS FILE DIRECTLY.
# yarn lockfile v1


nan@^2.10.0:
  version "2.10.0"
  resolved "https://registry.yarnpkg.com/nan/-/nan-2.10.0.tgz#96d0cd610ebd58d4b4de9cc0c6828cda99c7548f"

pegjs@^0.10.0:
  version "0.10.0"
  resolved "https://registry.yarnpkg.com/pegjs/-/pegjs-0.10.0.tgz#cf8bafae6eddff4b5a7efb185269eaaf4610ddbd"

tree-sitter-bash@^0.12.0:
  version "0.12.0"
  resolved "https://registry.yarnpkg.com/tree-sitter-bash/-/tree-sitter-bash-0.12.0.tgz#4ceec9aa9ad6727dcba0f90d0b633775e03b44d7"
  dependencies:
    nan "^2.10.0"

tree-sitter@^0.12.17:
  version "0.12.17"
  resolved "https://registry.yarnpkg.com/tree-sitter/-/tree-sitter-0.12.17.tgz#547b683a8ee9acc9ab0bde2599b98cfbf10cb981"
  dependencies:
    nan "^2.10.0"
